// !$*UTF8*$!
{
	archiveVersion = 1;
	classes = {
	};
	objectVersion = 46;
	objects = {

/* Begin PBXBuildFile section */
		B60894B91E6D970100479689 /* AppDelegate.swift in Sources */ = {isa = PBXBuildFile; fileRef = B60894B81E6D970100479689 /* AppDelegate.swift */; };
		B60894BB1E6D970100479689 /* ViewController.swift in Sources */ = {isa = PBXBuildFile; fileRef = B60894BA1E6D970100479689 /* ViewController.swift */; };
		B60894BE1E6D970100479689 /* Main.storyboard in Resources */ = {isa = PBXBuildFile; fileRef = B60894BC1E6D970100479689 /* Main.storyboard */; };
		B60894C01E6D970100479689 /* Assets.xcassets in Resources */ = {isa = PBXBuildFile; fileRef = B60894BF1E6D970100479689 /* Assets.xcassets */; };
		B60894C31E6D970100479689 /* LaunchScreen.storyboard in Resources */ = {isa = PBXBuildFile; fileRef = B60894C11E6D970100479689 /* LaunchScreen.storyboard */; };
		B60894CE1E6D970100479689 /* Tetris_by_Swift_3Tests.swift in Sources */ = {isa = PBXBuildFile; fileRef = B60894CD1E6D970100479689 /* Tetris_by_Swift_3Tests.swift */; };
		B60894D91E6D970100479689 /* Tetris_by_Swift_3UITests.swift in Sources */ = {isa = PBXBuildFile; fileRef = B60894D81E6D970100479689 /* Tetris_by_Swift_3UITests.swift */; };
/* End PBXBuildFile section */

/* Begin PBXContainerItemProxy section */
		B60894CA1E6D970100479689 /* PBXContainerItemProxy */ = {
			isa = PBXContainerItemProxy;
			containerPortal = B60894AD1E6D970100479689 /* Project object */;
			proxyType = 1;
			remoteGlobalIDString = B60894B41E6D970100479689;
			remoteInfo = "Tetris by Swift 3";
		};
		B60894D51E6D970100479689 /* PBXContainerItemProxy */ = {
			isa = PBXContainerItemProxy;
			containerPortal = B60894AD1E6D970100479689 /* Project object */;
			proxyType = 1;
			remoteGlobalIDString = B60894B41E6D970100479689;
			remoteInfo = "Tetris by Swift 3";
		};
/* End PBXContainerItemProxy section */

/* Begin PBXFileReference section */
		B60894B51E6D970100479689 /* Tetris by Swift 3.app */ = {isa = PBXFileReference; explicitFileType = wrapper.application; includeInIndex = 0; path = "Tetris by Swift 3.app"; sourceTree = BUILT_PRODUCTS_DIR; };
		B60894B81E6D970100479689 /* AppDelegate.swift */ = {isa = PBXFileReference; lastKnownFileType = sourcecode.swift; path = AppDelegate.swift; sourceTree = "<group>"; };
		B60894BA1E6D970100479689 /* ViewController.swift */ = {isa = PBXFileReference; lastKnownFileType = sourcecode.swift; path = ViewController.swift; sourceTree = "<group>"; };
		B60894BD1E6D970100479689 /* Base */ = {isa = PBXFileReference; lastKnownFileType = file.storyboard; name = Base; path = Base.lproj/Main.storyboard; sourceTree = "<group>"; };
		B60894BF1E6D970100479689 /* Assets.xcassets */ = {isa = PBXFileReference; lastKnownFileType = folder.assetcatalog; path = Assets.xcassets; sourceTree = "<group>"; };
		B60894C21E6D970100479689 /* Base */ = {isa = PBXFileReference; lastKnownFileType = file.storyboard; name = Base; path = Base.lproj/LaunchScreen.storyboard; sourceTree = "<group>"; };
		B60894C41E6D970100479689 /* Info.plist */ = {isa = PBXFileReference; lastKnownFileType = text.plist.xml; path = Info.plist; sourceTree = "<group>"; };
		B60894C91E6D970100479689 /* Tetris by Swift 3Tests.xctest */ = {isa = PBXFileReference; explicitFileType = wrapper.cfbundle; includeInIndex = 0; path = "Tetris by Swift 3Tests.xctest"; sourceTree = BUILT_PRODUCTS_DIR; };
		B60894CD1E6D970100479689 /* Tetris_by_Swift_3Tests.swift */ = {isa = PBXFileReference; lastKnownFileType = sourcecode.swift; path = Tetris_by_Swift_3Tests.swift; sourceTree = "<group>"; };
		B60894CF1E6D970100479689 /* Info.plist */ = {isa = PBXFileReference; lastKnownFileType = text.plist.xml; path = Info.plist; sourceTree = "<group>"; };
		B60894D41E6D970100479689 /* Tetris by Swift 3UITests.xctest */ = {isa = PBXFileReference; explicitFileType = wrapper.cfbundle; includeInIndex = 0; path = "Tetris by Swift 3UITests.xctest"; sourceTree = BUILT_PRODUCTS_DIR; };
		B60894D81E6D970100479689 /* Tetris_by_Swift_3UITests.swift */ = {isa = PBXFileReference; lastKnownFileType = sourcecode.swift; path = Tetris_by_Swift_3UITests.swift; sourceTree = "<group>"; };
		B60894DA1E6D970100479689 /* Info.plist */ = {isa = PBXFileReference; lastKnownFileType = text.plist.xml; path = Info.plist; sourceTree = "<group>"; };
/* End PBXFileReference section */

/* Begin PBXFrameworksBuildPhase section */
		B60894B21E6D970100479689 /* Frameworks */ = {
			isa = PBXFrameworksBuildPhase;
			buildActionMask = 2147483647;
			files = (
			);
			runOnlyForDeploymentPostprocessing = 0;
		};
		B60894C61E6D970100479689 /* Frameworks */ = {
			isa = PBXFrameworksBuildPhase;
			buildActionMask = 2147483647;
			files = (
			);
			runOnlyForDeploymentPostprocessing = 0;
		};
		B60894D11E6D970100479689 /* Frameworks */ = {
			isa = PBXFrameworksBuildPhase;
			buildActionMask = 2147483647;
			files = (
			);
			runOnlyForDeploymentPostprocessing = 0;
		};
/* End PBXFrameworksBuildPhase section */

/* Begin PBXGroup section */
		B60894AC1E6D970100479689 = {
			isa = PBXGroup;
			children = (
				B60894B71E6D970100479689 /* Tetris by Swift 3 */,
				B60894CC1E6D970100479689 /* Tetris by Swift 3Tests */,
				B60894D71E6D970100479689 /* Tetris by Swift 3UITests */,
				B60894B61E6D970100479689 /* Products */,
			);
			sourceTree = "<group>";
		};
		B60894B61E6D970100479689 /* Products */ = {
			isa = PBXGroup;
			children = (
				B60894B51E6D970100479689 /* Tetris by Swift 3.app */,
				B60894C91E6D970100479689 /* Tetris by Swift 3Tests.xctest */,
				B60894D41E6D970100479689 /* Tetris by Swift 3UITests.xctest */,
			);
			name = Products;
			sourceTree = "<group>";
		};
		B60894B71E6D970100479689 /* Tetris by Swift 3 */ = {
			isa = PBXGroup;
			children = (
				B60894B81E6D970100479689 /* AppDelegate.swift */,
				B60894BA1E6D970100479689 /* ViewController.swift */,
				B60894BC1E6D970100479689 /* Main.storyboard */,
				B60894BF1E6D970100479689 /* Assets.xcassets */,
				B60894C11E6D970100479689 /* LaunchScreen.storyboard */,
				B60894C41E6D970100479689 /* Info.plist */,
			);
			path = "Tetris by Swift 3";
			sourceTree = "<group>";
		};
		B60894CC1E6D970100479689 /* Tetris by Swift 3Tests */ = {
			isa = PBXGroup;
			children = (
				B60894CD1E6D970100479689 /* Tetris_by_Swift_3Tests.swift */,
				B60894CF1E6D970100479689 /* Info.plist */,
			);
			path = "Tetris by Swift 3Tests";
			sourceTree = "<group>";
		};
		B60894D71E6D970100479689 /* Tetris by Swift 3UITests */ = {
			isa = PBXGroup;
			children = (
				B60894D81E6D970100479689 /* Tetris_by_Swift_3UITests.swift */,
				B60894DA1E6D970100479689 /* Info.plist */,
			);
			path = "Tetris by Swift 3UITests";
			sourceTree = "<group>";
		};
/* End PBXGroup section */

/* Begin PBXNativeTarget section */
		B60894B41E6D970100479689 /* Tetris by Swift 3 */ = {
			isa = PBXNativeTarget;
			buildConfigurationList = B60894DD1E6D970100479689 /* Build configuration list for PBXNativeTarget "Tetris by Swift 3" */;
			buildPhases = (
				B60894B11E6D970100479689 /* Sources */,
				B60894B21E6D970100479689 /* Frameworks */,
				B60894B31E6D970100479689 /* Resources */,
			);
			buildRules = (
			);
			dependencies = (
			);
			name = "Tetris by Swift 3";
			productName = "Tetris by Swift 3";
			productReference = B60894B51E6D970100479689 /* Tetris by Swift 3.app */;
			productType = "com.apple.product-type.application";
		};
		B60894C81E6D970100479689 /* Tetris by Swift 3Tests */ = {
			isa = PBXNativeTarget;
			buildConfigurationList = B60894E01E6D970100479689 /* Build configuration list for PBXNativeTarget "Tetris by Swift 3Tests" */;
			buildPhases = (
				B60894C51E6D970100479689 /* Sources */,
				B60894C61E6D970100479689 /* Frameworks */,
				B60894C71E6D970100479689 /* Resources */,
			);
			buildRules = (
			);
			dependencies = (
				B60894CB1E6D970100479689 /* PBXTargetDependency */,
			);
			name = "Tetris by Swift 3Tests";
			productName = "Tetris by Swift 3Tests";
			productReference = B60894C91E6D970100479689 /* Tetris by Swift 3Tests.xctest */;
			productType = "com.apple.product-type.bundle.unit-test";
		};
		B60894D31E6D970100479689 /* Tetris by Swift 3UITests */ = {
			isa = PBXNativeTarget;
			buildConfigurationList = B60894E31E6D970100479689 /* Build configuration list for PBXNativeTarget "Tetris by Swift 3UITests" */;
			buildPhases = (
				B60894D01E6D970100479689 /* Sources */,
				B60894D11E6D970100479689 /* Frameworks */,
				B60894D21E6D970100479689 /* Resources */,
			);
			buildRules = (
			);
			dependencies = (
				B60894D61E6D970100479689 /* PBXTargetDependency */,
			);
			name = "Tetris by Swift 3UITests";
			productName = "Tetris by Swift 3UITests";
			productReference = B60894D41E6D970100479689 /* Tetris by Swift 3UITests.xctest */;
			productType = "com.apple.product-type.bundle.ui-testing";
		};
/* End PBXNativeTarget section */

/* Begin PBXProject section */
		B60894AD1E6D970100479689 /* Project object */ = {
			isa = PBXProject;
			attributes = {
				LastSwiftUpdateCheck = 0820;
				LastUpgradeCheck = 0820;
				ORGANIZATIONNAME = coolFog;
				TargetAttributes = {
					B60894B41E6D970100479689 = {
						CreatedOnToolsVersion = 8.2.1;
						ProvisioningStyle = Automatic;
					};
					B60894C81E6D970100479689 = {
						CreatedOnToolsVersion = 8.2.1;
						ProvisioningStyle = Automatic;
						TestTargetID = B60894B41E6D970100479689;
					};
					B60894D31E6D970100479689 = {
						CreatedOnToolsVersion = 8.2.1;
						ProvisioningStyle = Automatic;
						TestTargetID = B60894B41E6D970100479689;
					};
				};
			};
			buildConfigurationList = B60894B01E6D970100479689 /* Build configuration list for PBXProject "Tetris by Swift 3" */;
			compatibilityVersion = "Xcode 3.2";
			developmentRegion = English;
			hasScannedForEncodings = 0;
			knownRegions = (
				en,
				Base,
			);
			mainGroup = B60894AC1E6D970100479689;
			productRefGroup = B60894B61E6D970100479689 /* Products */;
			projectDirPath = "";
			projectRoot = "";
			targets = (
				B60894B41E6D970100479689 /* Tetris by Swift 3 */,
				B60894C81E6D970100479689 /* Tetris by Swift 3Tests */,
				B60894D31E6D970100479689 /* Tetris by Swift 3UITests */,
			);
		};
/* End PBXProject section */

/* Begin PBXResourcesBuildPhase section */
		B60894B31E6D970100479689 /* Resources */ = {
			isa = PBXResourcesBuildPhase;
			buildActionMask = 2147483647;
			files = (
				B60894C31E6D970100479689 /* LaunchScreen.storyboard in Resources */,
				B60894C01E6D970100479689 /* Assets.xcassets in Resources */,
				B60894BE1E6D970100479689 /* Main.storyboard in Resources */,
			);
			runOnlyForDeploymentPostprocessing = 0;
		};
		B60894C71E6D970100479689 /* Resources */ = {
			isa = PBXResourcesBuildPhase;
			buildActionMask = 2147483647;
			files = (
			);
			runOnlyForDeploymentPostprocessing = 0;
		};
		B60894D21E6D970100479689 /* Resources */ = {
			isa = PBXResourcesBuildPhase;
			buildActionMask = 2147483647;
			files = (
			);
			runOnlyForDeploymentPostprocessing = 0;
		};
/* End PBXResourcesBuildPhase section */

/* Begin PBXSourcesBuildPhase section */
		B60894B11E6D970100479689 /* Sources */ = {
			isa = PBXSourcesBuildPhase;
			buildActionMask = 2147483647;
			files = (
				B60894BB1E6D970100479689 /* ViewController.swift in Sources */,
				B60894B91E6D970100479689 /* AppDelegate.swift in Sources */,
			);
			runOnlyForDeploymentPostprocessing = 0;
		};
		B60894C51E6D970100479689 /* Sources */ = {
			isa = PBXSourcesBuildPhase;
			buildActionMask = 2147483647;
			files = (
				B60894CE1E6D970100479689 /* Tetris_by_Swift_3Tests.swift in Sources */,
			);
			runOnlyForDeploymentPostprocessing = 0;
		};
		B60894D01E6D970100479689 /* Sources */ = {
			isa = PBXSourcesBuildPhase;
			buildActionMask = 2147483647;
			files = (
				B60894D91E6D970100479689 /* Tetris_by_Swift_3UITests.swift in Sources */,
			);
			runOnlyForDeploymentPostprocessing = 0;
		};
/* End PBXSourcesBuildPhase section */

/* Begin PBXTargetDependency section */
		B60894CB1E6D970100479689 /* PBXTargetDependency */ = {
			isa = PBXTargetDependency;
			target = B60894B41E6D970100479689 /* Tetris by Swift 3 */;
			targetProxy = B60894CA1E6D970100479689 /* PBXContainerItemProxy */;
		};
		B60894D61E6D970100479689 /* PBXTargetDependency */ = {
			isa = PBXTargetDependency;
			target = B60894B41E6D970100479689 /* Tetris by Swift 3 */;
			targetProxy = B60894D51E6D970100479689 /* PBXContainerItemProxy */;
		};
/* End PBXTargetDependency section */

/* Begin PBXVariantGroup section */
		B60894BC1E6D970100479689 /* Main.storyboard */ = {
			isa = PBXVariantGroup;
			children = (
				B60894BD1E6D970100479689 /* Base */,
			);
			name = Main.storyboard;
			sourceTree = "<group>";
		};
		B60894C11E6D970100479689 /* LaunchScreen.storyboard */ = {
			isa = PBXVariantGroup;
			children = (
				B60894C21E6D970100479689 /* Base */,
			);
			name = LaunchScreen.storyboard;
			sourceTree = "<group>";
		};
/* End PBXVariantGroup section */

/* Begin XCBuildConfiguration section */
		B60894DB1E6D970100479689 /* Debug */ = {
			isa = XCBuildConfiguration;
			buildSettings = {
				ALWAYS_SEARCH_USER_PATHS = NO;
				CLANG_ANALYZER_NONNULL = YES;
				CLANG_CXX_LANGUAGE_STANDARD = "gnu++0x";
				CLANG_CXX_LIBRARY = "libc++";
				CLANG_ENABLE_MODULES = YES;
				CLANG_ENABLE_OBJC_ARC = YES;
				CLANG_WARN_BOOL_CONVERSION = YES;
				CLANG_WARN_CONSTANT_CONVERSION = YES;
				CLANG_WARN_DIRECT_OBJC_ISA_USAGE = YES_ERROR;
				CLANG_WARN_DOCUMENTATION_COMMENTS = YES;
				CLANG_WARN_EMPTY_BODY = YES;
				CLANG_WARN_ENUM_CONVERSION = YES;
				CLANG_WARN_INFINITE_RECURSION = YES;
				CLANG_WARN_INT_CONVERSION = YES;
				CLANG_WARN_OBJC_ROOT_CLASS = YES_ERROR;
				CLANG_WARN_SUSPICIOUS_MOVE = YES;
				CLANG_WARN_UNREACHABLE_CODE = YES;
				CLANG_WARN__DUPLICATE_METHOD_MATCH = YES;
				"CODE_SIGN_IDENTITY[sdk=iphoneos*]" = "iPhone Developer";
				COPY_PHASE_STRIP = NO;
				DEBUG_INFORMATION_FORMAT = dwarf;
				ENABLE_STRICT_OBJC_MSGSEND = YES;
				ENABLE_TESTABILITY = YES;
				GCC_C_LANGUAGE_STANDARD = gnu99;
				GCC_DYNAMIC_NO_PIC = NO;
				GCC_NO_COMMON_BLOCKS = YES;
				GCC_OPTIMIZATION_LEVEL = 0;
				GCC_PREPROCESSOR_DEFINITIONS = (
					"DEBUG=1",
					"$(inherited)",
				);
				GCC_WARN_64_TO_32_BIT_CONVERSION = YES;
				GCC_WARN_ABOUT_RETURN_TYPE = YES_ERROR;
				GCC_WARN_UNDECLARED_SELECTOR = YES;
				GCC_WARN_UNINITIALIZED_AUTOS = YES_AGGRESSIVE;
				GCC_WARN_UNUSED_FUNCTION = YES;
				GCC_WARN_UNUSED_VARIABLE = YES;
				IPHONEOS_DEPLOYMENT_TARGET = 10.2;
				MTL_ENABLE_DEBUG_INFO = YES;
				ONLY_ACTIVE_ARCH = YES;
				SDKROOT = iphoneos;
				SWIFT_ACTIVE_COMPILATION_CONDITIONS = DEBUG;
				SWIFT_OPTIMIZATION_LEVEL = "-Onone";
			};
			name = Debug;
		};
		B60894DC1E6D970100479689 /* Release */ = {
			isa = XCBuildConfiguration;
			buildSettings = {
				ALWAYS_SEARCH_USER_PATHS = NO;
				CLANG_ANALYZER_NONNULL = YES;
				CLANG_CXX_LANGUAGE_STANDARD = "gnu++0x";
				CLANG_CXX_LIBRARY = "libc++";
				CLANG_ENABLE_MODULES = YES;
				CLANG_ENABLE_OBJC_ARC = YES;
				CLANG_WARN_BOOL_CONVERSION = YES;
				CLANG_WARN_CONSTANT_CONVERSION = YES;
				CLANG_WARN_DIRECT_OBJC_ISA_USAGE = YES_ERROR;
				CLANG_WARN_DOCUMENTATION_COMMENTS = YES;
				CLANG_WARN_EMPTY_BODY = YES;
				CLANG_WARN_ENUM_CONVERSION = YES;
				CLANG_WARN_INFINITE_RECURSION = YES;
				CLANG_WARN_INT_CONVERSION = YES;
				CLANG_WARN_OBJC_ROOT_CLASS = YES_ERROR;
				CLANG_WARN_SUSPICIOUS_MOVE = YES;
				CLANG_WARN_UNREACHABLE_CODE = YES;
				CLANG_WARN__DUPLICATE_METHOD_MATCH = YES;
				"CODE_SIGN_IDENTITY[sdk=iphoneos*]" = "iPhone Developer";
				COPY_PHASE_STRIP = NO;
				DEBUG_INFORMATION_FORMAT = "dwarf-with-dsym";
				ENABLE_NS_ASSERTIONS = NO;
				ENABLE_STRICT_OBJC_MSGSEND = YES;
				GCC_C_LANGUAGE_STANDARD = gnu99;
				GCC_NO_COMMON_BLOCKS = YES;
				GCC_WARN_64_TO_32_BIT_CONVERSION = YES;
				GCC_WARN_ABOUT_RETURN_TYPE = YES_ERROR;
				GCC_WARN_UNDECLARED_SELECTOR = YES;
				GCC_WARN_UNINITIALIZED_AUTOS = YES_AGGRESSIVE;
				GCC_WARN_UNUSED_FUNCTION = YES;
				GCC_WARN_UNUSED_VARIABLE = YES;
				IPHONEOS_DEPLOYMENT_TARGET = 10.2;
				MTL_ENABLE_DEBUG_INFO = NO;
				SDKROOT = iphoneos;
				SWIFT_OPTIMIZATION_LEVEL = "-Owholemodule";
				VALIDATE_PRODUCT = YES;
			};
			name = Release;
		};
		B60894DE1E6D970100479689 /* Debug */ = {
			isa = XCBuildConfiguration;
			buildSettings = {
				ASSETCATALOG_COMPILER_APPICON_NAME = AppIcon;
				INFOPLIST_FILE = "Tetris by Swift 3/Info.plist";
				LD_RUNPATH_SEARCH_PATHS = "$(inherited) @executable_path/Frameworks";
				PRODUCT_BUNDLE_IDENTIFIER = "com.pccool.Tetris-by-Swift-3";
				PRODUCT_NAME = "$(TARGET_NAME)";
				SWIFT_VERSION = 3.0;
			};
			name = Debug;
		};
		B60894DF1E6D970100479689 /* Release */ = {
			isa = XCBuildConfiguration;
			buildSettings = {
				ASSETCATALOG_COMPILER_APPICON_NAME = AppIcon;
				INFOPLIST_FILE = "Tetris by Swift 3/Info.plist";
				LD_RUNPATH_SEARCH_PATHS = "$(inherited) @executable_path/Frameworks";
				PRODUCT_BUNDLE_IDENTIFIER = "com.pccool.Tetris-by-Swift-3";
				PRODUCT_NAME = "$(TARGET_NAME)";
				SWIFT_VERSION = 3.0;
			};
			name = Release;
		};
		B60894E11E6D970100479689 /* Debug */ = {
			isa = XCBuildConfiguration;
			buildSettings = {
				ALWAYS_EMBED_SWIFT_STANDARD_LIBRARIES = YES;
				BUNDLE_LOADER = "$(TEST_HOST)";
				INFOPLIST_FILE = "Tetris by Swift 3Tests/Info.plist";
				LD_RUNPATH_SEARCH_PATHS = "$(inherited) @executable_path/Frameworks @loader_path/Frameworks";
				PRODUCT_BUNDLE_IDENTIFIER = "com.pccool.Tetris-by-Swift-3Tests";
				PRODUCT_NAME = "$(TARGET_NAME)";
				SWIFT_VERSION = 3.0;
				TEST_HOST = "$(BUILT_PRODUCTS_DIR)/Tetris by Swift 3.app/Tetris by Swift 3";
			};
			name = Debug;
		};
		B60894E21E6D970100479689 /* Release */ = {
			isa = XCBuildConfiguration;
			buildSettings = {
				ALWAYS_EMBED_SWIFT_STANDARD_LIBRARIES = YES;
				BUNDLE_LOADER = "$(TEST_HOST)";
				INFOPLIST_FILE = "Tetris by Swift 3Tests/Info.plist";
				LD_RUNPATH_SEARCH_PATHS = "$(inherited) @executable_path/Frameworks @loader_path/Frameworks";
				PRODUCT_BUNDLE_IDENTIFIER = "com.pccool.Tetris-by-Swift-3Tests";
				PRODUCT_NAME = "$(TARGET_NAME)";
				SWIFT_VERSION = 3.0;
				TEST_HOST = "$(BUILT_PRODUCTS_DIR)/Tetris by Swift 3.app/Tetris by Swift 3";
			};
			name = Release;
		};
		B60894E41E6D970100479689 /* Debug */ = {
			isa = XCBuildConfiguration;
			buildSettings = {
				ALWAYS_EMBED_SWIFT_STANDARD_LIBRARIES = YES;
				INFOPLIST_FILE = "Tetris by Swift 3UITests/Info.plist";
				LD_RUNPATH_SEARCH_PATHS = "$(inherited) @executable_path/Frameworks @loader_path/Frameworks";
				PRODUCT_BUNDLE_IDENTIFIER = "com.pccool.Tetris-by-Swift-3UITests";
				PRODUCT_NAME = "$(TARGET_NAME)";
				SWIFT_VERSION = 3.0;
				TEST_TARGET_NAME = "Tetris by Swift 3";
			};
			name = Debug;
		};
		B60894E51E6D970100479689 /* Release */ = {
			isa = XCBuildConfiguration;
			buildSettings = {
				ALWAYS_EMBED_SWIFT_STANDARD_LIBRARIES = YES;
				INFOPLIST_FILE = "Tetris by Swift 3UITests/Info.plist";
				LD_RUNPATH_SEARCH_PATHS = "$(inherited) @executable_path/Frameworks @loader_path/Frameworks";
				PRODUCT_BUNDLE_IDENTIFIER = "com.pccool.Tetris-by-Swift-3UITests";
				PRODUCT_NAME = "$(TARGET_NAME)";
				SWIFT_VERSION = 3.0;
				TEST_TARGET_NAME = "Tetris by Swift 3";
			};
			name = Release;
		};
/* End XCBuildConfiguration section */

/* Begin XCConfigurationList section */
		B60894B01E6D970100479689 /* Build configuration list for PBXProject "Tetris by Swift 3" */ = {
			isa = XCConfigurationList;
			buildConfigurations = (
				B60894DB1E6D970100479689 /* Debug */,
				B60894DC1E6D970100479689 /* Release */,
			);
			defaultConfigurationIsVisible = 0;
			defaultConfigurationName = Release;
		};
		B60894DD1E6D970100479689 /* Build configuration list for PBXNativeTarget "Tetris by Swift 3" */ = {
			isa = XCConfigurationList;
			buildConfigurations = (
				B60894DE1E6D970100479689 /* Debug */,
				B60894DF1E6D970100479689 /* Release */,
			);
			defaultConfigurationIsVisible = 0;
		};
		B60894E01E6D970100479689 /* Build configuration list for PBXNativeTarget "Tetris by Swift 3Tests" */ = {
			isa = XCConfigurationList;
			buildConfigurations = (
				B60894E11E6D970100479689 /* Debug */,
				B60894E21E6D970100479689 /* Release */,
			);
			defaultConfigurationIsVisible = 0;
		};
		B60894E31E6D970100479689 /* Build configuration list for PBXNativeTarget "Tetris by Swift 3UITests" */ = {
			isa = XCConfigurationList;
			buildConfigurations = (
				B60894E41E6D970100479689 /* Debug */,
				B60894E51E6D970100479689 /* Release */,
			);
			defaultConfigurationIsVisible = 0;
		};
/* End XCConfigurationList section */
	};
	rootObject = B60894AD1E6D970100479689 /* Project object */;
}
